
Microsoft Visual Studio Solution File, Format Version 12.00
# Visual Studio 14
VisualStudioVersion = 14.0.25420.1
MinimumVisualStudioVersion = 10.0.40219.1
Project("{FAE04EC0-301F-11D3-BF4B-00C04F79EFBC}") = "PersonApplication", "TuntTeht\PersonApplication.csproj", "{DB1E6284-CBCB-41B9-A068-0630599D0784}"
EndProject
Project("{FAE04EC0-301F-11D3-BF4B-00C04F79EFBC}") = "AS01", "AS01\AS01.csproj", "{D5A4443A-BF63-4C70-B791-DD76A189E242}"
EndProject
Project("{FAE04EC0-301F-11D3-BF4B-00C04F79EFBC}") = "AS02", "AS02\AS02.csproj", "{FB45E571-4B9C-4F4A-B0D6-7BA66D8F3F72}"
EndProject
Project("{FAE04EC0-301F-11D3-BF4B-00C04F79EFBC}") = "AS03", "AS03\AS03.csproj", "{67686A76-D741-4356-8A16-89CF029DAC60}"
EndProject
Project("{FAE04EC0-301F-11D3-BF4B-00C04F79EFBC}") = "AS04", "AS04\AS04.csproj", "{3212505C-9691-48F2-BF22-9AE91AA63612}"
EndProject
Project("{FAE04EC0-301F-11D3-BF4B-00C04F79EFBC}") = "AS05", "AS05\AS05.csproj", "{B1C8E7D8-8872-4317-BD8D-A860406CED79}"
EndProject
Global
	GlobalSection(SolutionConfigurationPlatforms) = preSolution
		Debug|Any CPU = Debug|Any CPU
		Release|Any CPU = Release|Any CPU
	EndGlobalSection
	GlobalSection(ProjectConfigurationPlatforms) = postSolution
		{DB1E6284-CBCB-41B9-A068-0630599D0784}.Debug|Any CPU.ActiveCfg = Debug|Any CPU
		{DB1E6284-CBCB-41B9-A068-0630599D0784}.Debug|Any CPU.Build.0 = Debug|Any CPU
		{DB1E6284-CBCB-41B9-A068-0630599D0784}.Release|Any CPU.ActiveCfg = Release|Any CPU
		{DB1E6284-CBCB-41B9-A068-0630599D0784}.Release|Any CPU.Build.0 = Release|Any CPU
		{D5A4443A-BF63-4C70-B791-DD76A189E242}.Debug|Any CPU.ActiveCfg = Debug|Any CPU
		{D5A4443A-BF63-4C70-B791-DD76A189E242}.Debug|Any CPU.Build.0 = Debug|Any CPU
		{D5A4443A-BF63-4C70-B791-DD76A189E242}.Release|Any CPU.ActiveCfg = Release|Any CPU
		{D5A4443A-BF63-4C70-B791-DD76A189E242}.Release|Any CPU.Build.0 = Release|Any CPU
		{FB45E571-4B9C-4F4A-B0D6-7BA66D8F3F72}.Debug|Any CPU.ActiveCfg = Debug|Any CPU
		{FB45E571-4B9C-4F4A-B0D6-7BA66D8F3F72}.Debug|Any CPU.Build.0 = Debug|Any CPU
		{FB45E571-4B9C-4F4A-B0D6-7BA66D8F3F72}.Release|Any CPU.ActiveCfg = Release|Any CPU
		{FB45E571-4B9C-4F4A-B0D6-7BA66D8F3F72}.Release|Any CPU.Build.0 = Release|Any CPU
		{67686A76-D741-4356-8A16-89CF029DAC60}.Debug|Any CPU.ActiveCfg = Debug|Any CPU
		{67686A76-D741-4356-8A16-89CF029DAC60}.Debug|Any CPU.Build.0 = Debug|Any CPU
		{67686A76-D741-4356-8A16-89CF029DAC60}.Release|Any CPU.ActiveCfg = Release|Any CPU
		{67686A76-D741-4356-8A16-89CF029DAC60}.Release|Any CPU.Build.0 = Release|Any CPU
		{3212505C-9691-48F2-BF22-9AE91AA63612}.Debug|Any CPU.ActiveCfg = Debug|Any CPU
		{3212505C-9691-48F2-BF22-9AE91AA63612}.Debug|Any CPU.Build.0 = Debug|Any CPU
		{3212505C-9691-48F2-BF22-9AE91AA63612}.Release|Any CPU.ActiveCfg = Release|Any CPU
		{3212505C-9691-48F2-BF22-9AE91AA63612}.Release|Any CPU.Build.0 = Release|Any CPU
		{B1C8E7D8-8872-4317-BD8D-A860406CED79}.Debug|Any CPU.ActiveCfg = Debug|Any CPU
		{B1C8E7D8-8872-4317-BD8D-A860406CED79}.Debug|Any CPU.Build.0 = Debug|Any CPU
		{B1C8E7D8-8872-4317-BD8D-A860406CED79}.Release|Any CPU.ActiveCfg = Release|Any CPU
		{B1C8E7D8-8872-4317-BD8D-A860406CED79}.Release|Any CPU.Build.0 = Release|Any CPU
	EndGlobalSection
	GlobalSection(SolutionProperties) = preSolution
		HideSolutionNode = FALSE
	EndGlobalSection
EndGlobal
